// !$*UTF8*$!
{
	archiveVersion = 1;
	classes = {
	};
	objectVersion = 50;
	objects = {

/* Begin PBXBuildFile section */
		44439960252473F7006631D5 /* AppDelegate.swift in Sources */ = {isa = PBXBuildFile; fileRef = 4443995F252473F7006631D5 /* AppDelegate.swift */; };
		44439962252473F7006631D5 /* SceneDelegate.swift in Sources */ = {isa = PBXBuildFile; fileRef = 44439961252473F7006631D5 /* SceneDelegate.swift */; };
		44439964252473F7006631D5 /* GameViewController.swift in Sources */ = {isa = PBXBuildFile; fileRef = 44439963252473F7006631D5 /* GameViewController.swift */; };
		44439967252473F7006631D5 /* Main.storyboard in Resources */ = {isa = PBXBuildFile; fileRef = 44439965252473F7006631D5 /* Main.storyboard */; };
		44439969252473F7006631D5 /* Assets.xcassets in Resources */ = {isa = PBXBuildFile; fileRef = 44439968252473F7006631D5 /* Assets.xcassets */; };
		4443996C252473F7006631D5 /* LaunchScreen.storyboard in Resources */ = {isa = PBXBuildFile; fileRef = 4443996A252473F7006631D5 /* LaunchScreen.storyboard */; };
		444399752524794B006631D5 /* CardCell.swift in Sources */ = {isa = PBXBuildFile; fileRef = 444399742524794B006631D5 /* CardCell.swift */; };
		447F7C4D252483F900D6D3B7 /* Theme.swift in Sources */ = {isa = PBXBuildFile; fileRef = 447F7C4B252483F900D6D3B7 /* Theme.swift */; };
		447F7C4E252483F900D6D3B7 /* Game.swift in Sources */ = {isa = PBXBuildFile; fileRef = 447F7C4C252483F900D6D3B7 /* Game.swift */; };
		44A8DCD72524879900790115 /* Array+Identifiable.swift in Sources */ = {isa = PBXBuildFile; fileRef = 44A8DCD22524879900790115 /* Array+Identifiable.swift */; };
		44A8DCD82524879900790115 /* Array+Only.swift in Sources */ = {isa = PBXBuildFile; fileRef = 44A8DCD32524879900790115 /* Array+Only.swift */; };
		44A8DCD92524879900790115 /* Array+Theme.swift in Sources */ = {isa = PBXBuildFile; fileRef = 44A8DCD42524879900790115 /* Array+Theme.swift */; };
		44A8DCDA2524879900790115 /* Data+Utf8.swift in Sources */ = {isa = PBXBuildFile; fileRef = 44A8DCD52524879900790115 /* Data+Utf8.swift */; };
		44A8DCDB2524879900790115 /* UIColor+RGBA.swift in Sources */ = {isa = PBXBuildFile; fileRef = 44A8DCD62524879900790115 /* UIColor+RGBA.swift */; };
		44A8DCDE252631F500790115 /* ThemePickerViewController.swift in Sources */ = {isa = PBXBuildFile; fileRef = 44A8DCDD252631F500790115 /* ThemePickerViewController.swift */; };
/* End PBXBuildFile section */

/* Begin PBXFileReference section */
		4443995C252473F7006631D5 /* MemoryGame.app */ = {isa = PBXFileReference; explicitFileType = wrapper.application; includeInIndex = 0; path = MemoryGame.app; sourceTree = BUILT_PRODUCTS_DIR; };
		4443995F252473F7006631D5 /* AppDelegate.swift */ = {isa = PBXFileReference; lastKnownFileType = sourcecode.swift; path = AppDelegate.swift; sourceTree = "<group>"; };
		44439961252473F7006631D5 /* SceneDelegate.swift */ = {isa = PBXFileReference; lastKnownFileType = sourcecode.swift; path = SceneDelegate.swift; sourceTree = "<group>"; };
		44439963252473F7006631D5 /* GameViewController.swift */ = {isa = PBXFileReference; lastKnownFileType = sourcecode.swift; path = GameViewController.swift; sourceTree = "<group>"; };
		44439966252473F7006631D5 /* Base */ = {isa = PBXFileReference; lastKnownFileType = file.storyboard; name = Base; path = Base.lproj/Main.storyboard; sourceTree = "<group>"; };
		44439968252473F7006631D5 /* Assets.xcassets */ = {isa = PBXFileReference; lastKnownFileType = folder.assetcatalog; path = Assets.xcassets; sourceTree = "<group>"; };
		4443996B252473F7006631D5 /* Base */ = {isa = PBXFileReference; lastKnownFileType = file.storyboard; name = Base; path = Base.lproj/LaunchScreen.storyboard; sourceTree = "<group>"; };
		4443996D252473F7006631D5 /* Info.plist */ = {isa = PBXFileReference; lastKnownFileType = text.plist.xml; path = Info.plist; sourceTree = "<group>"; };
		444399742524794B006631D5 /* CardCell.swift */ = {isa = PBXFileReference; lastKnownFileType = sourcecode.swift; path = CardCell.swift; sourceTree = "<group>"; };
		447F7C4B252483F900D6D3B7 /* Theme.swift */ = {isa = PBXFileReference; lastKnownFileType = sourcecode.swift; path = Theme.swift; sourceTree = "<group>"; };
		447F7C4C252483F900D6D3B7 /* Game.swift */ = {isa = PBXFileReference; lastKnownFileType = sourcecode.swift; path = Game.swift; sourceTree = "<group>"; };
		44A8DCD22524879900790115 /* Array+Identifiable.swift */ = {isa = PBXFileReference; fileEncoding = 4; lastKnownFileType = sourcecode.swift; path = "Array+Identifiable.swift"; sourceTree = "<group>"; };
		44A8DCD32524879900790115 /* Array+Only.swift */ = {isa = PBXFileReference; fileEncoding = 4; lastKnownFileType = sourcecode.swift; path = "Array+Only.swift"; sourceTree = "<group>"; };
		44A8DCD42524879900790115 /* Array+Theme.swift */ = {isa = PBXFileReference; fileEncoding = 4; lastKnownFileType = sourcecode.swift; path = "Array+Theme.swift"; sourceTree = "<group>"; };
		44A8DCD52524879900790115 /* Data+Utf8.swift */ = {isa = PBXFileReference; fileEncoding = 4; lastKnownFileType = sourcecode.swift; path = "Data+Utf8.swift"; sourceTree = "<group>"; };
		44A8DCD62524879900790115 /* UIColor+RGBA.swift */ = {isa = PBXFileReference; fileEncoding = 4; lastKnownFileType = sourcecode.swift; path = "UIColor+RGBA.swift"; sourceTree = "<group>"; };
		44A8DCDD252631F500790115 /* ThemePickerViewController.swift */ = {isa = PBXFileReference; lastKnownFileType = sourcecode.swift; path = ThemePickerViewController.swift; sourceTree = "<group>"; };
/* End PBXFileReference section */

/* Begin PBXFrameworksBuildPhase section */
		44439959252473F6006631D5 /* Frameworks */ = {
			isa = PBXFrameworksBuildPhase;
			buildActionMask = 2147483647;
			files = (
			);
			runOnlyForDeploymentPostprocessing = 0;
		};
/* End PBXFrameworksBuildPhase section */

/* Begin PBXGroup section */
		44439953252473F6006631D5 = {
			isa = PBXGroup;
			children = (
				4443995E252473F7006631D5 /* MemoryGame */,
				4443995D252473F7006631D5 /* Products */,
			);
			sourceTree = "<group>";
		};
		4443995D252473F7006631D5 /* Products */ = {
			isa = PBXGroup;
			children = (
				4443995C252473F7006631D5 /* MemoryGame.app */,
			);
			name = Products;
			sourceTree = "<group>";
		};
		4443995E252473F7006631D5 /* MemoryGame */ = {
			isa = PBXGroup;
			children = (
				44A8DCD12524879900790115 /* Extensions */,
				447F7C512524840200D6D3B7 /* Model */,
				4443995F252473F7006631D5 /* AppDelegate.swift */,
				44439961252473F7006631D5 /* SceneDelegate.swift */,
				444399742524794B006631D5 /* CardCell.swift */,
				44A8DCDD252631F500790115 /* ThemePickerViewController.swift */,
				44439963252473F7006631D5 /* GameViewController.swift */,
				44439965252473F7006631D5 /* Main.storyboard */,
				44439968252473F7006631D5 /* Assets.xcassets */,
				4443996A252473F7006631D5 /* LaunchScreen.storyboard */,
				4443996D252473F7006631D5 /* Info.plist */,
			);
			path = MemoryGame;
			sourceTree = "<group>";
		};
		447F7C512524840200D6D3B7 /* Model */ = {
			isa = PBXGroup;
			children = (
				447F7C4C252483F900D6D3B7 /* Game.swift */,
				447F7C4B252483F900D6D3B7 /* Theme.swift */,
			);
			path = Model;
			sourceTree = "<group>";
		};
		44A8DCD12524879900790115 /* Extensions */ = {
			isa = PBXGroup;
			children = (
				44A8DCD22524879900790115 /* Array+Identifiable.swift */,
				44A8DCD32524879900790115 /* Array+Only.swift */,
				44A8DCD42524879900790115 /* Array+Theme.swift */,
				44A8DCD52524879900790115 /* Data+Utf8.swift */,
				44A8DCD62524879900790115 /* UIColor+RGBA.swift */,
			);
			path = Extensions;
			sourceTree = "<group>";
		};
/* End PBXGroup section */

/* Begin PBXNativeTarget section */
		4443995B252473F6006631D5 /* MemoryGame */ = {
			isa = PBXNativeTarget;
			buildConfigurationList = 44439970252473F7006631D5 /* Build configuration list for PBXNativeTarget "MemoryGame" */;
			buildPhases = (
				44439958252473F6006631D5 /* Sources */,
				44439959252473F6006631D5 /* Frameworks */,
				4443995A252473F6006631D5 /* Resources */,
			);
			buildRules = (
			);
			dependencies = (
			);
			name = MemoryGame;
			productName = MemoryGame;
			productReference = 4443995C252473F7006631D5 /* MemoryGame.app */;
			productType = "com.apple.product-type.application";
		};
/* End PBXNativeTarget section */

/* Begin PBXProject section */
		44439954252473F6006631D5 /* Project object */ = {
			isa = PBXProject;
			attributes = {
				LastSwiftUpdateCheck = 1200;
				LastUpgradeCheck = 1200;
				TargetAttributes = {
					4443995B252473F6006631D5 = {
						CreatedOnToolsVersion = 12.0.1;
					};
				};
			};
			buildConfigurationList = 44439957252473F6006631D5 /* Build configuration list for PBXProject "MemoryGame" */;
			compatibilityVersion = "Xcode 9.3";
			developmentRegion = en;
			hasScannedForEncodings = 0;
			knownRegions = (
				en,
				Base,
			);
			mainGroup = 44439953252473F6006631D5;
			productRefGroup = 4443995D252473F7006631D5 /* Products */;
			projectDirPath = "";
			projectRoot = "";
			targets = (
				4443995B252473F6006631D5 /* MemoryGame */,
			);
		};
/* End PBXProject section */

/* Begin PBXResourcesBuildPhase section */
		4443995A252473F6006631D5 /* Resources */ = {
			isa = PBXResourcesBuildPhase;
			buildActionMask = 2147483647;
			files = (
				4443996C252473F7006631D5 /* LaunchScreen.storyboard in Resources */,
				44439969252473F7006631D5 /* Assets.xcassets in Resources */,
				44439967252473F7006631D5 /* Main.storyboard in Resources */,
			);
			runOnlyForDeploymentPostprocessing = 0;
		};
/* End PBXResourcesBuildPhase section */

/* Begin PBXSourcesBuildPhase section */
		44439958252473F6006631D5 /* Sources */ = {
			isa = PBXSourcesBuildPhase;
			buildActionMask = 2147483647;
			files = (
				44439964252473F7006631D5 /* GameViewController.swift in Sources */,
				447F7C4E252483F900D6D3B7 /* Game.swift in Sources */,
				44439960252473F7006631D5 /* AppDelegate.swift in Sources */,
				44A8DCDE252631F500790115 /* ThemePickerViewController.swift in Sources */,
				44A8DCDB2524879900790115 /* UIColor+RGBA.swift in Sources */,
				447F7C4D252483F900D6D3B7 /* Theme.swift in Sources */,
				44439962252473F7006631D5 /* SceneDelegate.swift in Sources */,
				44A8DCD72524879900790115 /* Array+Identifiable.swift in Sources */,
				44A8DCDA2524879900790115 /* Data+Utf8.swift in Sources */,
				444399752524794B006631D5 /* CardCell.swift in Sources */,
				44A8DCD92524879900790115 /* Array+Theme.swift in Sources */,
				44A8DCD82524879900790115 /* Array+Only.swift in Sources */,
			);
			runOnlyForDeploymentPostprocessing = 0;
		};
/* End PBXSourcesBuildPhase section */

/* Begin PBXVariantGroup section */
		44439965252473F7006631D5 /* Main.storyboard */ = {
			isa = PBXVariantGroup;
			children = (
				44439966252473F7006631D5 /* Base */,
			);
			name = Main.storyboard;
			sourceTree = "<group>";
		};
		4443996A252473F7006631D5 /* LaunchScreen.storyboard */ = {
			isa = PBXVariantGroup;
			children = (
				4443996B252473F7006631D5 /* Base */,
			);
			name = LaunchScreen.storyboard;
			sourceTree = "<group>";
		};
/* End PBXVariantGroup section */

/* Begin XCBuildConfiguration section */
		4443996E252473F7006631D5 /* Debug */ = {
			isa = XCBuildConfiguration;
			buildSettings = {
				ALWAYS_SEARCH_USER_PATHS = NO;
				CLANG_ANALYZER_NONNULL = YES;
				CLANG_ANALYZER_NUMBER_OBJECT_CONVERSION = YES_AGGRESSIVE;
				CLANG_CXX_LANGUAGE_STANDARD = "gnu++14";
				CLANG_CXX_LIBRARY = "libc++";
				CLANG_ENABLE_MODULES = YES;
				CLANG_ENABLE_OBJC_ARC = YES;
				CLANG_ENABLE_OBJC_WEAK = YES;
				CLANG_WARN_BLOCK_CAPTURE_AUTORELEASING = YES;
				CLANG_WARN_BOOL_CONVERSION = YES;
				CLANG_WARN_COMMA = YES;
				CLANG_WARN_CONSTANT_CONVERSION = YES;
				CLANG_WARN_DEPRECATED_OBJC_IMPLEMENTATIONS = YES;
				CLANG_WARN_DIRECT_OBJC_ISA_USAGE = YES_ERROR;
				CLANG_WARN_DOCUMENTATION_COMMENTS = YES;
				CLANG_WARN_EMPTY_BODY = YES;
				CLANG_WARN_ENUM_CONVERSION = YES;
				CLANG_WARN_INFINITE_RECURSION = YES;
				CLANG_WARN_INT_CONVERSION = YES;
				CLANG_WARN_NON_LITERAL_NULL_CONVERSION = YES;
				CLANG_WARN_OBJC_IMPLICIT_RETAIN_SELF = YES;
				CLANG_WARN_OBJC_LITERAL_CONVERSION = YES;
				CLANG_WARN_OBJC_ROOT_CLASS = YES_ERROR;
				CLANG_WARN_QUOTED_INCLUDE_IN_FRAMEWORK_HEADER = YES;
				CLANG_WARN_RANGE_LOOP_ANALYSIS = YES;
				CLANG_WARN_STRICT_PROTOTYPES = YES;
				CLANG_WARN_SUSPICIOUS_MOVE = YES;
				CLANG_WARN_UNGUARDED_AVAILABILITY = YES_AGGRESSIVE;
				CLANG_WARN_UNREACHABLE_CODE = YES;
				CLANG_WARN__DUPLICATE_METHOD_MATCH = YES;
				COPY_PHASE_STRIP = NO;
				DEBUG_INFORMATION_FORMAT = dwarf;
				ENABLE_STRICT_OBJC_MSGSEND = YES;
				ENABLE_TESTABILITY = YES;
				GCC_C_LANGUAGE_STANDARD = gnu11;
				GCC_DYNAMIC_NO_PIC = NO;
				GCC_NO_COMMON_BLOCKS = YES;
				GCC_OPTIMIZATION_LEVEL = 0;
				GCC_PREPROCESSOR_DEFINITIONS = (
					"DEBUG=1",
					"$(inherited)",
				);
				GCC_WARN_64_TO_32_BIT_CONVERSION = YES;
				GCC_WARN_ABOUT_RETURN_TYPE = YES_ERROR;
				GCC_WARN_UNDECLARED_SELECTOR = YES;
				GCC_WARN_UNINITIALIZED_AUTOS = YES_AGGRESSIVE;
				GCC_WARN_UNUSED_FUNCTION = YES;
				GCC_WARN_UNUSED_VARIABLE = YES;
				IPHONEOS_DEPLOYMENT_TARGET = 14.0;
				MTL_ENABLE_DEBUG_INFO = INCLUDE_SOURCE;
				MTL_FAST_MATH = YES;
				ONLY_ACTIVE_ARCH = YES;
				SDKROOT = iphoneos;
				SWIFT_ACTIVE_COMPILATION_CONDITIONS = DEBUG;
				SWIFT_OPTIMIZATION_LEVEL = "-Onone";
			};
			name = Debug;
		};
		4443996F252473F7006631D5 /* Release */ = {
			isa = XCBuildConfiguration;
			buildSettings = {
				ALWAYS_SEARCH_USER_PATHS = NO;
				CLANG_ANALYZER_NONNULL = YES;
				CLANG_ANALYZER_NUMBER_OBJECT_CONVERSION = YES_AGGRESSIVE;
				CLANG_CXX_LANGUAGE_STANDARD = "gnu++14";
				CLANG_CXX_LIBRARY = "libc++";
				CLANG_ENABLE_MODULES = YES;
				CLANG_ENABLE_OBJC_ARC = YES;
				CLANG_ENABLE_OBJC_WEAK = YES;
				CLANG_WARN_BLOCK_CAPTURE_AUTORELEASING = YES;
				CLANG_WARN_BOOL_CONVERSION = YES;
				CLANG_WARN_COMMA = YES;
				CLANG_WARN_CONSTANT_CONVERSION = YES;
				CLANG_WARN_DEPRECATED_OBJC_IMPLEMENTATIONS = YES;
				CLANG_WARN_DIRECT_OBJC_ISA_USAGE = YES_ERROR;
				CLANG_WARN_DOCUMENTATION_COMMENTS = YES;
				CLANG_WARN_EMPTY_BODY = YES;
				CLANG_WARN_ENUM_CONVERSION = YES;
				CLANG_WARN_INFINITE_RECURSION = YES;
				CLANG_WARN_INT_CONVERSION = YES;
				CLANG_WARN_NON_LITERAL_NULL_CONVERSION = YES;
				CLANG_WARN_OBJC_IMPLICIT_RETAIN_SELF = YES;
				CLANG_WARN_OBJC_LITERAL_CONVERSION = YES;
				CLANG_WARN_OBJC_ROOT_CLASS = YES_ERROR;
				CLANG_WARN_QUOTED_INCLUDE_IN_FRAMEWORK_HEADER = YES;
				CLANG_WARN_RANGE_LOOP_ANALYSIS = YES;
				CLANG_WARN_STRICT_PROTOTYPES = YES;
				CLANG_WARN_SUSPICIOUS_MOVE = YES;
				CLANG_WARN_UNGUARDED_AVAILABILITY = YES_AGGRESSIVE;
				CLANG_WARN_UNREACHABLE_CODE = YES;
				CLANG_WARN__DUPLICATE_METHOD_MATCH = YES;
				COPY_PHASE_STRIP = NO;
				DEBUG_INFORMATION_FORMAT = "dwarf-with-dsym";
				ENABLE_NS_ASSERTIONS = NO;
				ENABLE_STRICT_OBJC_MSGSEND = YES;
				GCC_C_LANGUAGE_STANDARD = gnu11;
				GCC_NO_COMMON_BLOCKS = YES;
				GCC_WARN_64_TO_32_BIT_CONVERSION = YES;
				GCC_WARN_ABOUT_RETURN_TYPE = YES_ERROR;
				GCC_WARN_UNDECLARED_SELECTOR = YES;
				GCC_WARN_UNINITIALIZED_AUTOS = YES_AGGRESSIVE;
				GCC_WARN_UNUSED_FUNCTION = YES;
				GCC_WARN_UNUSED_VARIABLE = YES;
				IPHONEOS_DEPLOYMENT_TARGET = 14.0;
				MTL_ENABLE_DEBUG_INFO = NO;
				MTL_FAST_MATH = YES;
				SDKROOT = iphoneos;
				SWIFT_COMPILATION_MODE = wholemodule;
				SWIFT_OPTIMIZATION_LEVEL = "-O";
				VALIDATE_PRODUCT = YES;
			};
			name = Release;
		};
		44439971252473F7006631D5 /* Debug */ = {
			isa = XCBuildConfiguration;
			buildSettings = {
				ASSETCATALOG_COMPILER_APPICON_NAME = AppIcon;
				ASSETCATALOG_COMPILER_GLOBAL_ACCENT_COLOR_NAME = AccentColor;
				CODE_SIGN_STYLE = Automatic;
				DEVELOPMENT_TEAM = U7LPWT9WWY;
				INFOPLIST_FILE = MemoryGame/Info.plist;
				LD_RUNPATH_SEARCH_PATHS = (
					"$(inherited)",
					"@executable_path/Frameworks",
				);
				PRODUCT_BUNDLE_IDENTIFIER = com.eukurapov.MemoryGame;
				PRODUCT_NAME = "$(TARGET_NAME)";
				SWIFT_VERSION = 5.0;
				TARGETED_DEVICE_FAMILY = "1,2";
			};
			name = Debug;
		};
		44439972252473F7006631D5 /* Release */ = {
			isa = XCBuildConfiguration;
			buildSettings = {
				ASSETCATALOG_COMPILER_APPICON_NAME = AppIcon;
				ASSETCATALOG_COMPILER_GLOBAL_ACCENT_COLOR_NAME = AccentColor;
				CODE_SIGN_STYLE = Automatic;
				DEVELOPMENT_TEAM = U7LPWT9WWY;
				INFOPLIST_FILE = MemoryGame/Info.plist;
				LD_RUNPATH_SEARCH_PATHS = (
					"$(inherited)",
					"@executable_path/Frameworks",
				);
				PRODUCT_BUNDLE_IDENTIFIER = com.eukurapov.MemoryGame;
				PRODUCT_NAME = "$(TARGET_NAME)";
				SWIFT_VERSION = 5.0;
				TARGETED_DEVICE_FAMILY = "1,2";
			};
			name = Release;
		};
/* End XCBuildConfiguration section */

/* Begin XCConfigurationList section */
		44439957252473F6006631D5 /* Build configuration list for PBXProject "MemoryGame" */ = {
			isa = XCConfigurationList;
			buildConfigurations = (
				4443996E252473F7006631D5 /* Debug */,
				4443996F252473F7006631D5 /* Release */,
			);
			defaultConfigurationIsVisible = 0;
			defaultConfigurationName = Release;
		};
		44439970252473F7006631D5 /* Build configuration list for PBXNativeTarget "MemoryGame" */ = {
			isa = XCConfigurationList;
			buildConfigurations = (
				44439971252473F7006631D5 /* Debug */,
				44439972252473F7006631D5 /* Release */,
			);
			defaultConfigurationIsVisible = 0;
			defaultConfigurationName = Release;
		};
/* End XCConfigurationList section */
	};
	rootObject = 44439954252473F6006631D5 /* Project object */;
}
